
Microsoft Visual Studio Solution File, Format Version 12.00
# Visual Studio 15
VisualStudioVersion = 15.0.27004.2009
MinimumVisualStudioVersion = 10.0.40219.1
Project("{2150E333-8FDC-42A3-9474-1A3956D46DE8}") = "Engine", "Engine", "{C9D43F62-1EF5-4F1F-899D-C6541C9AC615}"
EndProject
Project("{2150E333-8FDC-42A3-9474-1A3956D46DE8}") = "Games", "Games", "{D2D68590-DF0F-4D47-B776-A63F01DE9C63}"
EndProject
Project("{8BC9CEB8-8B4A-11D0-8D11-00A0C91BC942}") = "UE4", "Intermediate\ProjectFiles\UE4.vcxproj", "{26589BED-4EAA-4F88-ACC3-3179365DF2E6}"
EndProject
Project("{8BC9CEB8-8B4A-11D0-8D11-00A0C91BC942}") = "BuildingEscape", "Intermediate\ProjectFiles\BuildingEscape.vcxproj", "{5C564B2A-E492-49A4-B7E5-B3809109B2E9}"
EndProject
Global
	GlobalSection(SolutionConfigurationPlatforms) = preSolution
		DebugGame Editor|HTML5 = DebugGame Editor|HTML5
		DebugGame Editor|Win32 = DebugGame Editor|Win32
		DebugGame Editor|Win64 = DebugGame Editor|Win64
		DebugGame|HTML5 = DebugGame|HTML5
		DebugGame|Win32 = DebugGame|Win32
		DebugGame|Win64 = DebugGame|Win64
		Development Editor|HTML5 = Development Editor|HTML5
		Development Editor|Win32 = Development Editor|Win32
		Development Editor|Win64 = Development Editor|Win64
		Development|HTML5 = Development|HTML5
		Development|Win32 = Development|Win32
		Development|Win64 = Development|Win64
		Shipping|HTML5 = Shipping|HTML5
		Shipping|Win32 = Shipping|Win32
		Shipping|Win64 = Shipping|Win64
	EndGlobalSection
	GlobalSection(ProjectConfigurationPlatforms) = postSolution
		{26589BED-4EAA-4F88-ACC3-3179365DF2E6}.DebugGame Editor|HTML5.ActiveCfg = BuiltWithUnrealBuildTool|Win32
		{26589BED-4EAA-4F88-ACC3-3179365DF2E6}.DebugGame Editor|HTML5.Build.0 = BuiltWithUnrealBuildTool|Win32
		{26589BED-4EAA-4F88-ACC3-3179365DF2E6}.DebugGame Editor|Win32.ActiveCfg = BuiltWithUnrealBuildTool|Win32
		{26589BED-4EAA-4F88-ACC3-3179365DF2E6}.DebugGame Editor|Win32.Build.0 = BuiltWithUnrealBuildTool|Win32
		{26589BED-4EAA-4F88-ACC3-3179365DF2E6}.DebugGame Editor|Win64.ActiveCfg = BuiltWithUnrealBuildTool|Win32
		{26589BED-4EAA-4F88-ACC3-3179365DF2E6}.DebugGame Editor|Win64.Build.0 = BuiltWithUnrealBuildTool|Win32
		{26589BED-4EAA-4F88-ACC3-3179365DF2E6}.DebugGame|HTML5.ActiveCfg = BuiltWithUnrealBuildTool|Win32
		{26589BED-4EAA-4F88-ACC3-3179365DF2E6}.DebugGame|HTML5.Build.0 = BuiltWithUnrealBuildTool|Win32
		{26589BED-4EAA-4F88-ACC3-3179365DF2E6}.DebugGame|Win32.ActiveCfg = BuiltWithUnrealBuildTool|Win32
		{26589BED-4EAA-4F88-ACC3-3179365DF2E6}.DebugGame|Win32.Build.0 = BuiltWithUnrealBuildTool|Win32
		{26589BED-4EAA-4F88-ACC3-3179365DF2E6}.DebugGame|Win64.ActiveCfg = BuiltWithUnrealBuildTool|Win32
		{26589BED-4EAA-4F88-ACC3-3179365DF2E6}.DebugGame|Win64.Build.0 = BuiltWithUnrealBuildTool|Win32
		{26589BED-4EAA-4F88-ACC3-3179365DF2E6}.Development Editor|HTML5.ActiveCfg = BuiltWithUnrealBuildTool|Win32
		{26589BED-4EAA-4F88-ACC3-3179365DF2E6}.Development Editor|HTML5.Build.0 = BuiltWithUnrealBuildTool|Win32
		{26589BED-4EAA-4F88-ACC3-3179365DF2E6}.Development Editor|Win32.ActiveCfg = BuiltWithUnrealBuildTool|Win32
		{26589BED-4EAA-4F88-ACC3-3179365DF2E6}.Development Editor|Win32.Build.0 = BuiltWithUnrealBuildTool|Win32
		{26589BED-4EAA-4F88-ACC3-3179365DF2E6}.Development Editor|Win64.ActiveCfg = BuiltWithUnrealBuildTool|Win32
		{26589BED-4EAA-4F88-ACC3-3179365DF2E6}.Development Editor|Win64.Build.0 = BuiltWithUnrealBuildTool|Win32
		{26589BED-4EAA-4F88-ACC3-3179365DF2E6}.Development|HTML5.ActiveCfg = BuiltWithUnrealBuildTool|Win32
		{26589BED-4EAA-4F88-ACC3-3179365DF2E6}.Development|HTML5.Build.0 = BuiltWithUnrealBuildTool|Win32
		{26589BED-4EAA-4F88-ACC3-3179365DF2E6}.Development|Win32.ActiveCfg = BuiltWithUnrealBuildTool|Win32
		{26589BED-4EAA-4F88-ACC3-3179365DF2E6}.Development|Win32.Build.0 = BuiltWithUnrealBuildTool|Win32
		{26589BED-4EAA-4F88-ACC3-3179365DF2E6}.Development|Win64.ActiveCfg = BuiltWithUnrealBuildTool|Win32
		{26589BED-4EAA-4F88-ACC3-3179365DF2E6}.Development|Win64.Build.0 = BuiltWithUnrealBuildTool|Win32
		{26589BED-4EAA-4F88-ACC3-3179365DF2E6}.Shipping|HTML5.ActiveCfg = BuiltWithUnrealBuildTool|Win32
		{26589BED-4EAA-4F88-ACC3-3179365DF2E6}.Shipping|HTML5.Build.0 = BuiltWithUnrealBuildTool|Win32
		{26589BED-4EAA-4F88-ACC3-3179365DF2E6}.Shipping|Win32.ActiveCfg = BuiltWithUnrealBuildTool|Win32
		{26589BED-4EAA-4F88-ACC3-3179365DF2E6}.Shipping|Win32.Build.0 = BuiltWithUnrealBuildTool|Win32
		{26589BED-4EAA-4F88-ACC3-3179365DF2E6}.Shipping|Win64.ActiveCfg = BuiltWithUnrealBuildTool|Win32
		{26589BED-4EAA-4F88-ACC3-3179365DF2E6}.Shipping|Win64.Build.0 = BuiltWithUnrealBuildTool|Win32
		{5C564B2A-E492-49A4-B7E5-B3809109B2E9}.DebugGame Editor|HTML5.ActiveCfg = HTML5_DebugGame_Editor|Win32
		{5C564B2A-E492-49A4-B7E5-B3809109B2E9}.DebugGame Editor|Win32.ActiveCfg = DebugGame_Editor|Win32
		{5C564B2A-E492-49A4-B7E5-B3809109B2E9}.DebugGame Editor|Win64.ActiveCfg = DebugGame_Editor|x64
		{5C564B2A-E492-49A4-B7E5-B3809109B2E9}.DebugGame Editor|Win64.Build.0 = DebugGame_Editor|x64
		{5C564B2A-E492-49A4-B7E5-B3809109B2E9}.DebugGame|HTML5.ActiveCfg = HTML5_DebugGame_Game|Win32
		{5C564B2A-E492-49A4-B7E5-B3809109B2E9}.DebugGame|HTML5.Build.0 = HTML5_DebugGame_Game|Win32
		{5C564B2A-E492-49A4-B7E5-B3809109B2E9}.DebugGame|Win32.ActiveCfg = DebugGame_Game|Win32
		{5C564B2A-E492-49A4-B7E5-B3809109B2E9}.DebugGame|Win32.Build.0 = DebugGame_Game|Win32
		{5C564B2A-E492-49A4-B7E5-B3809109B2E9}.DebugGame|Win64.ActiveCfg = DebugGame_Game|x64
		{5C564B2A-E492-49A4-B7E5-B3809109B2E9}.DebugGame|Win64.Build.0 = DebugGame_Game|x64
		{5C564B2A-E492-49A4-B7E5-B3809109B2E9}.Development Editor|HTML5.ActiveCfg = HTML5_Development_Editor|Win32
		{5C564B2A-E492-49A4-B7E5-B3809109B2E9}.Development Editor|Win32.ActiveCfg = Development_Editor|Win32
		{5C564B2A-E492-49A4-B7E5-B3809109B2E9}.Development Editor|Win64.ActiveCfg = Development_Editor|x64
		{5C564B2A-E492-49A4-B7E5-B3809109B2E9}.Development Editor|Win64.Build.0 = Development_Editor|x64
		{5C564B2A-E492-49A4-B7E5-B3809109B2E9}.Development|HTML5.ActiveCfg = HTML5_Development_Game|Win32
		{5C564B2A-E492-49A4-B7E5-B3809109B2E9}.Development|HTML5.Build.0 = HTML5_Development_Game|Win32
		{5C564B2A-E492-49A4-B7E5-B3809109B2E9}.Development|Win32.ActiveCfg = Development_Game|Win32
		{5C564B2A-E492-49A4-B7E5-B3809109B2E9}.Development|Win32.Build.0 = Development_Game|Win32
		{5C564B2A-E492-49A4-B7E5-B3809109B2E9}.Development|Win64.ActiveCfg = Development_Game|x64
		{5C564B2A-E492-49A4-B7E5-B3809109B2E9}.Development|Win64.Build.0 = Development_Game|x64
		{5C564B2A-E492-49A4-B7E5-B3809109B2E9}.Shipping|HTML5.ActiveCfg = HTML5_Shipping_Game|Win32
		{5C564B2A-E492-49A4-B7E5-B3809109B2E9}.Shipping|HTML5.Build.0 = HTML5_Shipping_Game|Win32
		{5C564B2A-E492-49A4-B7E5-B3809109B2E9}.Shipping|Win32.ActiveCfg = Shipping_Game|Win32
		{5C564B2A-E492-49A4-B7E5-B3809109B2E9}.Shipping|Win32.Build.0 = Shipping_Game|Win32
		{5C564B2A-E492-49A4-B7E5-B3809109B2E9}.Shipping|Win64.ActiveCfg = Shipping_Game|x64
		{5C564B2A-E492-49A4-B7E5-B3809109B2E9}.Shipping|Win64.Build.0 = Shipping_Game|x64
	EndGlobalSection
	GlobalSection(SolutionProperties) = preSolution
		HideSolutionNode = FALSE
	EndGlobalSection
	GlobalSection(NestedProjects) = preSolution
		{26589BED-4EAA-4F88-ACC3-3179365DF2E6} = {C9D43F62-1EF5-4F1F-899D-C6541C9AC615}
		{5C564B2A-E492-49A4-B7E5-B3809109B2E9} = {D2D68590-DF0F-4D47-B776-A63F01DE9C63}
	EndGlobalSection
	GlobalSection(ExtensibilityGlobals) = postSolution
		SolutionGuid = {E9E9304C-FC73-4A76-A109-63DDE5C8543A}
	EndGlobalSection
EndGlobal
